# generated by rye
# use `rye lock` or `rye sync` to update this lockfile
#
# last locked with the following flags:
#   pre: false
#   features: []
#   all-features: false
#   with-sources: false
#   generate-hashes: false
#   universal: false

-e file:.
cffi==1.17.1
    # via sounddevice
contourpy==1.3.0
    # via matplotlib
cycler==0.12.1
    # via matplotlib
fonttools==4.54.1
    # via matplotlib
kiwisolver==1.4.7
    # via matplotlib
markdown-it-py==3.0.0
    # via rich
matplotlib==3.9.2
    # via sdft
mdurl==0.1.2
    # via markdown-it-py
numpy==2.1.2
    # via contourpy
    # via matplotlib
    # via scipy
    # via sdft
packaging==24.1
    # via matplotlib
pillow==10.4.0
    # via matplotlib
pycparser==2.22
    # via cffi
pygments==2.18.0
    # via rich
pyparsing==3.2.0
    # via matplotlib
python-dateutil==2.9.0.post0
    # via matplotlib
pyyaml==6.0.2
    # via sdft
rich==13.9.2
    # via sdft
scipy==1.14.1
    # via sdft
setuptools==75.1.0
    # via sdft
six==1.16.0
    # via python-dateutil
sounddevice==0.5.1
    # via sdft
